<?xml version="1.0" encoding="utf-8"?>
<Project ToolsVersion="4.0" xmlns="http://schemas.microsoft.com/developer/msbuild/2003">
  <ItemGroup>
    <Filter Include="code">
      <UniqueIdentifier>{803E957C-6C75-960D-1562-7C100178120F}</UniqueIdentifier>
    </Filter>
    <Filter Include="code\Camera">
      <UniqueIdentifier>{F882C1BA-6438-3AB0-ED2C-348759E130B4}</UniqueIdentifier>
    </Filter>
    <Filter Include="code\Camera\CameraControllers">
      <UniqueIdentifier>{07446431-735C-4B5B-3C09-DBF4A8E0DFF4}</UniqueIdentifier>
    </Filter>
    <Filter Include="code\Managers">
      <UniqueIdentifier>{5D50C7AD-C910-43E4-924B-8C61FECA87C0}</UniqueIdentifier>
    </Filter>
    <Filter Include="code\Utility">
      <UniqueIdentifier>{C37C97A8-AFDF-264D-5865-5F0344A7F2CF}</UniqueIdentifier>
    </Filter>
    <Filter Include="include">
      <UniqueIdentifier>{89AF369E-F58E-B539-FEA6-40106A051C9B}</UniqueIdentifier>
    </Filter>
    <Filter Include="include\Camera">
      <UniqueIdentifier>{E14F8AFA-CD1D-7E00-B6B1-EE26A21E5A65}</UniqueIdentifier>
    </Filter>
    <Filter Include="include\Camera\CameraControllers">
      <UniqueIdentifier>{30216F13-1C72-5A55-45D6-48173186EDBE}</UniqueIdentifier>
    </Filter>
    <Filter Include="include\Managers">
      <UniqueIdentifier>{86FBF602-72F4-1555-9B26-FBD9877EF560}</UniqueIdentifier>
    </Filter>
    <Filter Include="include\Utility">
      <UniqueIdentifier>{CCE679E1-3872-E7A5-4183-6A9AAD8D43A6}</UniqueIdentifier>
    </Filter>
    <Filter Include="shaders">
      <UniqueIdentifier>{0F45D591-7B24-542D-843C-DF03F09ABA8E}</UniqueIdentifier>
    </Filter>
  </ItemGroup>
  <ItemGroup>
    <ClInclude Include="..\include\Application.h">
      <Filter>include</Filter>
    </ClInclude>
    <ClInclude Include="..\include\Camera\Camera.h">
      <Filter>include\Camera</Filter>
    </ClInclude>
    <ClInclude Include="..\include\Camera\CameraControllers\CameraController.h">
      <Filter>include\Camera\CameraControllers</Filter>
    </ClInclude>
    <ClInclude Include="..\include\Managers\BufferManager.h">
      <Filter>include\Managers</Filter>
    </ClInclude>
    <ClInclude Include="..\include\Managers\CameraManager.h">
      <Filter>include\Managers</Filter>
    </ClInclude>
    <ClInclude Include="..\include\Managers\InputManager.h">
      <Filter>include\Managers</Filter>
    </ClInclude>
    <ClInclude Include="..\include\Managers\ModelManager.h">
      <Filter>include\Managers</Filter>
    </ClInclude>
    <ClInclude Include="..\include\Managers\TextureManager.h">
      <Filter>include\Managers</Filter>
    </ClInclude>
    <ClInclude Include="..\include\Managers\VulkanManager.h">
      <Filter>include\Managers</Filter>
    </ClInclude>
    <ClInclude Include="..\include\Mesh.h">
      <Filter>include</Filter>
    </ClInclude>
    <ClInclude Include="..\include\Model.h">
      <Filter>include</Filter>
    </ClInclude>
    <ClInclude Include="..\include\Timestep.h">
      <Filter>include</Filter>
    </ClInclude>
    <ClInclude Include="..\include\Transform.h">
      <Filter>include</Filter>
    </ClInclude>
    <ClInclude Include="..\include\Utility\Maths.h">
      <Filter>include\Utility</Filter>
    </ClInclude>
    <ClInclude Include="..\include\Utility\Matrix3.h">
      <Filter>include\Utility</Filter>
    </ClInclude>
    <ClInclude Include="..\include\Utility\Matrix4.h">
      <Filter>include\Utility</Filter>
    </ClInclude>
    <ClInclude Include="..\include\Utility\Rotor3.h">
      <Filter>include\Utility</Filter>
    </ClInclude>
    <ClInclude Include="..\include\Utility\Types.h">
      <Filter>include\Utility</Filter>
    </ClInclude>
    <ClInclude Include="..\include\Utility\Vertex.h">
      <Filter>include\Utility</Filter>
    </ClInclude>
    <ClInclude Include="..\include\Vulkan.h">
      <Filter>include</Filter>
    </ClInclude>
  </ItemGroup>
  <ItemGroup>
    <ClCompile Include="code\Application.cpp">
      <Filter>code</Filter>
    </ClCompile>
    <ClCompile Include="code\Camera\Camera.cpp">
      <Filter>code\Camera</Filter>
    </ClCompile>
    <ClCompile Include="code\Camera\CameraControllers\CameraController.cpp">
      <Filter>code\Camera\CameraControllers</Filter>
    </ClCompile>
    <ClCompile Include="code\Managers\BufferManager.cpp">
      <Filter>code\Managers</Filter>
    </ClCompile>
    <ClCompile Include="code\Managers\CameraManager.cpp">
      <Filter>code\Managers</Filter>
    </ClCompile>
    <ClCompile Include="code\Managers\InputManager.cpp">
      <Filter>code\Managers</Filter>
    </ClCompile>
    <ClCompile Include="code\Managers\ModelManager.cpp">
      <Filter>code\Managers</Filter>
    </ClCompile>
    <ClCompile Include="code\Managers\TextureManager.cpp">
      <Filter>code\Managers</Filter>
    </ClCompile>
    <ClCompile Include="code\Managers\VulkanManager.cpp">
      <Filter>code\Managers</Filter>
    </ClCompile>
    <ClCompile Include="code\Mesh.cpp">
      <Filter>code</Filter>
    </ClCompile>
    <ClCompile Include="code\Model.cpp">
      <Filter>code</Filter>
    </ClCompile>
    <ClCompile Include="code\Transform.cpp">
      <Filter>code</Filter>
    </ClCompile>
    <ClCompile Include="code\Utility\Maths.cpp">
      <Filter>code\Utility</Filter>
    </ClCompile>
    <ClCompile Include="code\Utility\Matrix3.cpp">
      <Filter>code\Utility</Filter>
    </ClCompile>
    <ClCompile Include="code\Utility\Matrix4.cpp">
      <Filter>code\Utility</Filter>
    </ClCompile>
    <ClCompile Include="code\Utility\Types.cpp">
      <Filter>code\Utility</Filter>
    </ClCompile>
    <ClCompile Include="main.cpp" />
  </ItemGroup>
  <ItemGroup>
    <None Include="shaders\shader.frag">
      <Filter>shaders</Filter>
    </None>
    <None Include="shaders\shader.vert">
      <Filter>shaders</Filter>
    </None>
  </ItemGroup>
</Project>