<?xml version="1.0" encoding="utf-8"?>
<Project ToolsVersion="4.0" xmlns="http://schemas.microsoft.com/developer/msbuild/2003">
  <ItemGroup>
    <Filter Include="code">
      <UniqueIdentifier>{803E957C-6C75-960D-1562-7C100178120F}</UniqueIdentifier>
    </Filter>
    <Filter Include="engine">
      <UniqueIdentifier>{FBDB78FB-E77D-A3D1-D038-B725BC792A22}</UniqueIdentifier>
    </Filter>
    <Filter Include="engine\Camera">
      <UniqueIdentifier>{13C8731F-7F88-EF55-48C3-38D3B4423432}</UniqueIdentifier>
    </Filter>
    <Filter Include="engine\Camera\CameraControllers">
      <UniqueIdentifier>{E2912E33-4E75-3D73-5778-6BAFC3DA03C4}</UniqueIdentifier>
    </Filter>
    <Filter Include="engine\Managers">
      <UniqueIdentifier>{38481F08-A4D3-8CCC-ADE4-0FC119EFE8CC}</UniqueIdentifier>
    </Filter>
    <Filter Include="engine\Utility">
      <UniqueIdentifier>{3E6592A3-2A33-86A9-13C7-F6CFFF33620E}</UniqueIdentifier>
    </Filter>
    <Filter Include="include">
      <UniqueIdentifier>{89AF369E-F58E-B539-FEA6-40106A051C9B}</UniqueIdentifier>
    </Filter>
    <Filter Include="include\Camera">
      <UniqueIdentifier>{E14F8AFA-CD1D-7E00-B6B1-EE26A21E5A65}</UniqueIdentifier>
    </Filter>
    <Filter Include="include\Camera\CameraControllers">
      <UniqueIdentifier>{30216F13-1C72-5A55-45D6-48173186EDBE}</UniqueIdentifier>
    </Filter>
    <Filter Include="include\Managers">
      <UniqueIdentifier>{86FBF602-72F4-1555-9B26-FBD9877EF560}</UniqueIdentifier>
    </Filter>
    <Filter Include="include\Utility">
      <UniqueIdentifier>{CCE679E1-3872-E7A5-4183-6A9AAD8D43A6}</UniqueIdentifier>
    </Filter>
    <Filter Include="shaders">
      <UniqueIdentifier>{0F45D591-7B24-542D-843C-DF03F09ABA8E}</UniqueIdentifier>
    </Filter>
  </ItemGroup>
  <ItemGroup>
    <ClInclude Include="..\include\Application.h">
      <Filter>include</Filter>
    </ClInclude>
    <ClInclude Include="..\include\Camera\Camera.h">
      <Filter>include\Camera</Filter>
    </ClInclude>
    <ClInclude Include="..\include\Camera\CameraControllers\CameraController.h">
      <Filter>include\Camera\CameraControllers</Filter>
    </ClInclude>
    <ClInclude Include="..\include\Engine.h">
      <Filter>include</Filter>
    </ClInclude>
    <ClInclude Include="..\include\Managers\BufferManager.h">
      <Filter>include\Managers</Filter>
    </ClInclude>
    <ClInclude Include="..\include\Managers\CameraManager.h">
      <Filter>include\Managers</Filter>
    </ClInclude>
    <ClInclude Include="..\include\Managers\InputManager.h">
      <Filter>include\Managers</Filter>
    </ClInclude>
    <ClInclude Include="..\include\Managers\ModelManager.h">
      <Filter>include\Managers</Filter>
    </ClInclude>
    <ClInclude Include="..\include\Managers\TextureManager.h">
      <Filter>include\Managers</Filter>
    </ClInclude>
    <ClInclude Include="..\include\Managers\VulkanManager.h">
      <Filter>include\Managers</Filter>
    </ClInclude>
    <ClInclude Include="..\include\Managers\WindowManager.h">
      <Filter>include\Managers</Filter>
    </ClInclude>
    <ClInclude Include="..\include\Mesh.h">
      <Filter>include</Filter>
    </ClInclude>
    <ClInclude Include="..\include\Model.h">
      <Filter>include</Filter>
    </ClInclude>
    <ClInclude Include="..\include\Timestep.h">
      <Filter>include</Filter>
    </ClInclude>
    <ClInclude Include="..\include\Transform.h">
      <Filter>include</Filter>
    </ClInclude>
    <ClInclude Include="..\include\Utility\Maths.h">
      <Filter>include\Utility</Filter>
    </ClInclude>
    <ClInclude Include="..\include\Utility\Matrix3.h">
      <Filter>include\Utility</Filter>
    </ClInclude>
    <ClInclude Include="..\include\Utility\Matrix4.h">
      <Filter>include\Utility</Filter>
    </ClInclude>
    <ClInclude Include="..\include\Utility\Rotor3.h">
      <Filter>include\Utility</Filter>
    </ClInclude>
    <ClInclude Include="..\include\Utility\Singleton.h">
      <Filter>include\Utility</Filter>
    </ClInclude>
    <ClInclude Include="..\include\Utility\Types.h">
      <Filter>include\Utility</Filter>
    </ClInclude>
    <ClInclude Include="..\include\Utility\Vertex.h">
      <Filter>include\Utility</Filter>
    </ClInclude>
    <ClInclude Include="..\include\Vulkan.h">
      <Filter>include</Filter>
    </ClInclude>
  </ItemGroup>
  <ItemGroup>
    <ClCompile Include="code\Application.cpp">
      <Filter>code</Filter>
    </ClCompile>
    <ClCompile Include="engine\Camera\Camera.cpp">
      <Filter>engine\Camera</Filter>
    </ClCompile>
    <ClCompile Include="engine\Camera\CameraControllers\CameraController.cpp">
      <Filter>engine\Camera\CameraControllers</Filter>
    </ClCompile>
    <ClCompile Include="engine\Engine.cpp">
      <Filter>engine</Filter>
    </ClCompile>
    <ClCompile Include="engine\Managers\BufferManager.cpp">
      <Filter>engine\Managers</Filter>
    </ClCompile>
    <ClCompile Include="engine\Managers\CameraManager.cpp">
      <Filter>engine\Managers</Filter>
    </ClCompile>
    <ClCompile Include="engine\Managers\InputManager.cpp">
      <Filter>engine\Managers</Filter>
    </ClCompile>
    <ClCompile Include="engine\Managers\ModelManager.cpp">
      <Filter>engine\Managers</Filter>
    </ClCompile>
    <ClCompile Include="engine\Managers\TextureManager.cpp">
      <Filter>engine\Managers</Filter>
    </ClCompile>
    <ClCompile Include="engine\Managers\VulkanManager.cpp">
      <Filter>engine\Managers</Filter>
    </ClCompile>
    <ClCompile Include="engine\Managers\WindowManager.cpp">
      <Filter>engine\Managers</Filter>
    </ClCompile>
    <ClCompile Include="engine\Mesh.cpp">
      <Filter>engine</Filter>
    </ClCompile>
    <ClCompile Include="engine\Model.cpp">
      <Filter>engine</Filter>
    </ClCompile>
    <ClCompile Include="engine\Transform.cpp">
      <Filter>engine</Filter>
    </ClCompile>
    <ClCompile Include="engine\Utility\Maths.cpp">
      <Filter>engine\Utility</Filter>
    </ClCompile>
    <ClCompile Include="engine\Utility\Matrix3.cpp">
      <Filter>engine\Utility</Filter>
    </ClCompile>
    <ClCompile Include="engine\Utility\Matrix4.cpp">
      <Filter>engine\Utility</Filter>
    </ClCompile>
    <ClCompile Include="engine\Utility\Types.cpp">
      <Filter>engine\Utility</Filter>
    </ClCompile>
    <ClCompile Include="main.cpp" />
  </ItemGroup>
  <ItemGroup>
    <None Include="shaders\shader.frag">
      <Filter>shaders</Filter>
    </None>
    <None Include="shaders\shader.vert">
      <Filter>shaders</Filter>
    </None>
  </ItemGroup>
</Project>