<?xml version="1.0" encoding="utf-8"?>
<Project ToolsVersion="4.0" xmlns="http://schemas.microsoft.com/developer/msbuild/2003">
  <ItemGroup>
    <Filter Include="code">
      <UniqueIdentifier>{803E957C-6C75-960D-1562-7C100178120F}</UniqueIdentifier>
    </Filter>
    <Filter Include="code\Networking">
      <UniqueIdentifier>{97F7754D-0383-E311-0C94-6606789E3F12}</UniqueIdentifier>
    </Filter>
    <Filter Include="engine">
      <UniqueIdentifier>{FBDB78FB-E77D-A3D1-D038-B725BC792A22}</UniqueIdentifier>
    </Filter>
    <Filter Include="engine\Camera">
      <UniqueIdentifier>{13C8731F-7F88-EF55-48C3-38D3B4423432}</UniqueIdentifier>
    </Filter>
    <Filter Include="engine\Camera\CameraControllers">
      <UniqueIdentifier>{E2912E33-4E75-3D73-5778-6BAFC3DA03C4}</UniqueIdentifier>
    </Filter>
    <Filter Include="engine\Managers">
      <UniqueIdentifier>{38481F08-A4D3-8CCC-ADE4-0FC119EFE8CC}</UniqueIdentifier>
    </Filter>
    <Filter Include="openfbx">
      <UniqueIdentifier>{1777E370-8356-620C-8C6E-EDE2F8CCC86D}</UniqueIdentifier>
    </Filter>
    <Filter Include="shaders">
      <UniqueIdentifier>{0F45D591-7B24-542D-843C-DF03F09ABA8E}</UniqueIdentifier>
    </Filter>
    <Filter Include="utility">
      <UniqueIdentifier>{79DE5C48-E5BD-DBE3-EED5-66BA5A344245}</UniqueIdentifier>
    </Filter>
  </ItemGroup>
  <ItemGroup>
    <ClInclude Include="code\Application.h">
      <Filter>code</Filter>
    </ClInclude>
    <ClInclude Include="code\Networking\CServer.h">
      <Filter>code\Networking</Filter>
    </ClInclude>
    <ClInclude Include="code\Networking\Client.h">
      <Filter>code\Networking</Filter>
    </ClInclude>
    <ClInclude Include="code\Networking\NetHandler.h">
      <Filter>code\Networking</Filter>
    </ClInclude>
    <ClInclude Include="code\Networking\Networking.h">
      <Filter>code\Networking</Filter>
    </ClInclude>
    <ClInclude Include="code\Networking\Server.h">
      <Filter>code\Networking</Filter>
    </ClInclude>
    <ClInclude Include="code\Networking\WebClient.h">
      <Filter>code\Networking</Filter>
    </ClInclude>
    <ClInclude Include="engine\Camera\Camera.h">
      <Filter>engine\Camera</Filter>
    </ClInclude>
    <ClInclude Include="engine\Camera\CameraControllers\CameraController.h">
      <Filter>engine\Camera\CameraControllers</Filter>
    </ClInclude>
    <ClInclude Include="engine\Engine.h">
      <Filter>engine</Filter>
    </ClInclude>
    <ClInclude Include="engine\GraphicsPipeline.h">
      <Filter>engine</Filter>
    </ClInclude>
    <ClInclude Include="engine\Managers\BufferManager.h">
      <Filter>engine\Managers</Filter>
    </ClInclude>
    <ClInclude Include="engine\Managers\CameraManager.h">
      <Filter>engine\Managers</Filter>
    </ClInclude>
    <ClInclude Include="engine\Managers\InputManager.h">
      <Filter>engine\Managers</Filter>
    </ClInclude>
    <ClInclude Include="engine\Managers\MaterialManager.h">
      <Filter>engine\Managers</Filter>
    </ClInclude>
    <ClInclude Include="engine\Managers\ModelManager.h">
      <Filter>engine\Managers</Filter>
    </ClInclude>
    <ClInclude Include="engine\Managers\TextureManager.h">
      <Filter>engine\Managers</Filter>
    </ClInclude>
    <ClInclude Include="engine\Managers\VulkanManager.h">
      <Filter>engine\Managers</Filter>
    </ClInclude>
    <ClInclude Include="engine\Managers\WindowManager.h">
      <Filter>engine\Managers</Filter>
    </ClInclude>
    <ClInclude Include="engine\Material.h">
      <Filter>engine</Filter>
    </ClInclude>
    <ClInclude Include="engine\Mesh.h">
      <Filter>engine</Filter>
    </ClInclude>
    <ClInclude Include="engine\Model.h">
      <Filter>engine</Filter>
    </ClInclude>
    <ClInclude Include="engine\Transform.h">
      <Filter>engine</Filter>
    </ClInclude>
    <ClInclude Include="engine\Vulkan.h">
      <Filter>engine</Filter>
    </ClInclude>
    <ClInclude Include="openfbx\miniz.h">
      <Filter>openfbx</Filter>
    </ClInclude>
    <ClInclude Include="openfbx\ofbx.h">
      <Filter>openfbx</Filter>
    </ClInclude>
    <ClInclude Include="utility\FileReader.h">
      <Filter>utility</Filter>
    </ClInclude>
    <ClInclude Include="utility\Maths.h">
      <Filter>utility</Filter>
    </ClInclude>
    <ClInclude Include="utility\Timestep.h">
      <Filter>utility</Filter>
    </ClInclude>
    <ClInclude Include="utility\Types.h">
      <Filter>utility</Filter>
    </ClInclude>
    <ClInclude Include="utility\Vertex.h">
      <Filter>utility</Filter>
    </ClInclude>
  </ItemGroup>
  <ItemGroup>
    <ClCompile Include="code\Application.cpp">
      <Filter>code</Filter>
    </ClCompile>
    <ClCompile Include="code\Networking\Client.cpp">
      <Filter>code\Networking</Filter>
    </ClCompile>
    <ClCompile Include="code\Networking\NetHandler.cpp">
      <Filter>code\Networking</Filter>
    </ClCompile>
    <ClCompile Include="code\Networking\Server.cpp">
      <Filter>code\Networking</Filter>
    </ClCompile>
    <ClCompile Include="code\Networking\WebClient.cpp">
      <Filter>code\Networking</Filter>
    </ClCompile>
    <ClCompile Include="engine\Camera\Camera.cpp">
      <Filter>engine\Camera</Filter>
    </ClCompile>
    <ClCompile Include="engine\Camera\CameraControllers\CameraController.cpp">
      <Filter>engine\Camera\CameraControllers</Filter>
    </ClCompile>
    <ClCompile Include="engine\Engine.cpp">
      <Filter>engine</Filter>
    </ClCompile>
    <ClCompile Include="engine\GraphicsPipeline.cpp">
      <Filter>engine</Filter>
    </ClCompile>
    <ClCompile Include="engine\Managers\BufferManager.cpp">
      <Filter>engine\Managers</Filter>
    </ClCompile>
    <ClCompile Include="engine\Managers\CameraManager.cpp">
      <Filter>engine\Managers</Filter>
    </ClCompile>
    <ClCompile Include="engine\Managers\InputManager.cpp">
      <Filter>engine\Managers</Filter>
    </ClCompile>
    <ClCompile Include="engine\Managers\MaterialManager.cpp">
      <Filter>engine\Managers</Filter>
    </ClCompile>
    <ClCompile Include="engine\Managers\ModelManager.cpp">
      <Filter>engine\Managers</Filter>
    </ClCompile>
    <ClCompile Include="engine\Managers\TextureManager.cpp">
      <Filter>engine\Managers</Filter>
    </ClCompile>
    <ClCompile Include="engine\Managers\VulkanManager.cpp">
      <Filter>engine\Managers</Filter>
    </ClCompile>
    <ClCompile Include="engine\Managers\WindowManager.cpp">
      <Filter>engine\Managers</Filter>
    </ClCompile>
    <ClCompile Include="engine\Material.cpp">
      <Filter>engine</Filter>
    </ClCompile>
    <ClCompile Include="engine\Mesh.cpp">
      <Filter>engine</Filter>
    </ClCompile>
    <ClCompile Include="engine\Model.cpp">
      <Filter>engine</Filter>
    </ClCompile>
    <ClCompile Include="engine\Transform.cpp">
      <Filter>engine</Filter>
    </ClCompile>
    <ClCompile Include="main.cpp" />
    <ClCompile Include="openfbx\miniz.cpp">
      <Filter>openfbx</Filter>
    </ClCompile>
    <ClCompile Include="openfbx\ofbx.cpp">
      <Filter>openfbx</Filter>
    </ClCompile>
    <ClCompile Include="utility\Maths.cpp">
      <Filter>utility</Filter>
    </ClCompile>
    <ClCompile Include="utility\Timestep.cpp">
      <Filter>utility</Filter>
    </ClCompile>
  </ItemGroup>
  <ItemGroup>
    <None Include="shaders\flat.frag">
      <Filter>shaders</Filter>
    </None>
    <None Include="shaders\flat.vert">
      <Filter>shaders</Filter>
    </None>
    <None Include="shaders\shader.frag">
      <Filter>shaders</Filter>
    </None>
    <None Include="shaders\shader.vert">
      <Filter>shaders</Filter>
    </None>
  </ItemGroup>
</Project>