<?xml version="1.0" encoding="utf-8"?>
<Project ToolsVersion="4.0" xmlns="http://schemas.microsoft.com/developer/msbuild/2003">
  <ItemGroup>
    <Filter Include="code">
      <UniqueIdentifier>{803E957C-6C75-960D-1562-7C100178120F}</UniqueIdentifier>
    </Filter>
    <Filter Include="code\Managers">
      <UniqueIdentifier>{5D50C7AD-C910-43E4-924B-8C61FECA87C0}</UniqueIdentifier>
    </Filter>
    <Filter Include="code\Utility">
      <UniqueIdentifier>{C37C97A8-AFDF-264D-5865-5F0344A7F2CF}</UniqueIdentifier>
    </Filter>
    <Filter Include="shaders">
      <UniqueIdentifier>{0F45D591-7B24-542D-843C-DF03F09ABA8E}</UniqueIdentifier>
    </Filter>
  </ItemGroup>
  <ItemGroup>
    <ClInclude Include="code\Application.h">
      <Filter>code</Filter>
    </ClInclude>
    <ClInclude Include="code\CameraController.h">
      <Filter>code</Filter>
    </ClInclude>
    <ClInclude Include="code\Managers\BufferManager.h">
      <Filter>code\Managers</Filter>
    </ClInclude>
    <ClInclude Include="code\Managers\Camera.h">
      <Filter>code\Managers</Filter>
    </ClInclude>
    <ClInclude Include="code\Managers\CameraManager.h">
      <Filter>code\Managers</Filter>
    </ClInclude>
    <ClInclude Include="code\Managers\InputManager.h">
      <Filter>code\Managers</Filter>
    </ClInclude>
    <ClInclude Include="code\Managers\ModelManager.h">
      <Filter>code\Managers</Filter>
    </ClInclude>
    <ClInclude Include="code\Managers\TextureManager.h">
      <Filter>code\Managers</Filter>
    </ClInclude>
    <ClInclude Include="code\Managers\VulkanManager.h">
      <Filter>code\Managers</Filter>
    </ClInclude>
    <ClInclude Include="code\Matrix4.h">
      <Filter>code</Filter>
    </ClInclude>
    <ClInclude Include="code\Timestep.h">
      <Filter>code</Filter>
    </ClInclude>
    <ClInclude Include="code\Transform.h">
      <Filter>code</Filter>
    </ClInclude>
    <ClInclude Include="code\Utility\Maths.h">
      <Filter>code\Utility</Filter>
    </ClInclude>
    <ClInclude Include="code\Utility\Types.h">
      <Filter>code\Utility</Filter>
    </ClInclude>
    <ClInclude Include="code\Vulkan.h">
      <Filter>code</Filter>
    </ClInclude>
  </ItemGroup>
  <ItemGroup>
    <ClCompile Include="code\Application.cpp">
      <Filter>code</Filter>
    </ClCompile>
    <ClCompile Include="code\CameraController.cpp">
      <Filter>code</Filter>
    </ClCompile>
    <ClCompile Include="code\Managers\BufferManager.cpp">
      <Filter>code\Managers</Filter>
    </ClCompile>
    <ClCompile Include="code\Managers\Camera.cpp">
      <Filter>code\Managers</Filter>
    </ClCompile>
    <ClCompile Include="code\Managers\CameraManager.cpp">
      <Filter>code\Managers</Filter>
    </ClCompile>
    <ClCompile Include="code\Managers\InputManager.cpp">
      <Filter>code\Managers</Filter>
    </ClCompile>
    <ClCompile Include="code\Managers\ModelManager.cpp">
      <Filter>code\Managers</Filter>
    </ClCompile>
    <ClCompile Include="code\Managers\TextureManager.cpp">
      <Filter>code\Managers</Filter>
    </ClCompile>
    <ClCompile Include="code\Managers\VulkanManager.cpp">
      <Filter>code\Managers</Filter>
    </ClCompile>
    <ClCompile Include="code\Matrix4.cpp">
      <Filter>code</Filter>
    </ClCompile>
    <ClCompile Include="code\Transform.cpp">
      <Filter>code</Filter>
    </ClCompile>
    <ClCompile Include="code\Utility\Types.cpp">
      <Filter>code\Utility</Filter>
    </ClCompile>
    <ClCompile Include="main.cpp" />
  </ItemGroup>
  <ItemGroup>
    <None Include="shaders\shader.frag">
      <Filter>shaders</Filter>
    </None>
    <None Include="shaders\shader.vert">
      <Filter>shaders</Filter>
    </None>
  </ItemGroup>
</Project>